// !$*UTF8*$!
{
	archiveVersion = 1;
	classes = {};
	objectVersion = 77;
	objects = {
		3F6FAD01C22143C20F572519 /* Core Sources */ = { isa = PBXFileSystemSynchronizedRootGroup; path = Sources/PDFCompressorCore; sourceTree = "<group>"; };
		7FF8C9FC6B7E2F79F2A9323E /* App Sources */ = { isa = PBXFileSystemSynchronizedRootGroup; path = Sources/PDFCompressor; sourceTree = "<group>"; };
		A3794CD3FA1CEB2A654F8B60 /* UI Test Sources */ = { isa = PBXFileSystemSynchronizedRootGroup; path = UITests; sourceTree = "<group>"; };
		94902FC4FAB629F728D22CD9 /* Core Product */ = { isa = PBXFileReference; explicitFileType = wrapper.framework; includeInIndex = 0; path = PDFCompressorCore.framework; sourceTree = BUILT_PRODUCTS_DIR; };
		F9CA58ED32A87445FB599FC7 /* App Product */ = { isa = PBXFileReference; explicitFileType = wrapper.application; includeInIndex = 0; path = PDFCompressor.app; sourceTree = BUILT_PRODUCTS_DIR; };
		379EDCE8F7783CF894892A43 /* UI Test Product */ = { isa = PBXFileReference; explicitFileType = wrapper.cfbundle; includeInIndex = 0; path = PDFCompressorUITests.xctest; sourceTree = BUILT_PRODUCTS_DIR; };
		93A9D4B62C49DF4936D5F701 /* Fixtures */ = { isa = PBXFileReference; lastKnownFileType = folder; name = Fixtures; path = Tests/Fixtures; sourceTree = SOURCE_ROOT; };
		9C4B79A152F3A6837D34506A /* Link Core */ = { isa = PBXBuildFile; fileRef = 94902FC4FAB629F728D22CD9 /* Core Product */; };
		B4E8C447D545142653CEE7D7 /* Bundle Fixtures */ = { isa = PBXBuildFile; fileRef = 93A9D4B62C49DF4936D5F701 /* Fixtures */; };
		FE0A091FDBFB3E9C31B7A1BD /* Products */ = { isa = PBXGroup; children = (F9CA58ED32A87445FB599FC7 /* App Product */, 94902FC4FAB629F728D22CD9 /* Core Product */, 379EDCE8F7783CF894892A43 /* UI Test Product */, ); name = Products; sourceTree = "<group>"; };
		C649629229F6187C3D12CE69 /* Main Group */ = { isa = PBXGroup; children = (7FF8C9FC6B7E2F79F2A9323E /* App Sources */, 3F6FAD01C22143C20F572519 /* Core Sources */, A3794CD3FA1CEB2A654F8B60 /* UI Test Sources */, 93A9D4B62C49DF4936D5F701 /* Fixtures */, FE0A091FDBFB3E9C31B7A1BD /* Products */, ); sourceTree = "<group>"; };
		E121BD63877C4D86BB6FA249 /* Core Sources Phase */ = { isa = PBXSourcesBuildPhase; buildActionMask = 2147483647; files = (); runOnlyForDeploymentPostprocessing = 0; };
		584347D7775D6A3527DE8487 /* Core Frameworks Phase */ = { isa = PBXFrameworksBuildPhase; buildActionMask = 2147483647; files = (); runOnlyForDeploymentPostprocessing = 0; };
		E20A02DCB822803226F01266 /* Core Resources Phase */ = { isa = PBXResourcesBuildPhase; buildActionMask = 2147483647; files = (); runOnlyForDeploymentPostprocessing = 0; };
		2278FFEAC21BB5ECCFF91836 /* App Sources Phase */ = { isa = PBXSourcesBuildPhase; buildActionMask = 2147483647; files = (); runOnlyForDeploymentPostprocessing = 0; };
		3BF5E5343D147B55E8653CBA /* App Frameworks Phase */ = { isa = PBXFrameworksBuildPhase; buildActionMask = 2147483647; files = (9C4B79A152F3A6837D34506A /* Link Core */, ); runOnlyForDeploymentPostprocessing = 0; };
		95B097F73EA8997422FECB0E /* App Resources Phase */ = { isa = PBXResourcesBuildPhase; buildActionMask = 2147483647; files = (B4E8C447D545142653CEE7D7 /* Bundle Fixtures */, ); runOnlyForDeploymentPostprocessing = 0; };
		EA62E8291F89613F460E831B /* UI Test Sources Phase */ = { isa = PBXSourcesBuildPhase; buildActionMask = 2147483647; files = (); runOnlyForDeploymentPostprocessing = 0; };
		8C9080FAA4C8AF4D94590D8D /* UI Test Frameworks Phase */ = { isa = PBXFrameworksBuildPhase; buildActionMask = 2147483647; files = (); runOnlyForDeploymentPostprocessing = 0; };
		37268FDA5F157D2CA672024F /* UI Test Resources Phase */ = { isa = PBXResourcesBuildPhase; buildActionMask = 2147483647; files = (); runOnlyForDeploymentPostprocessing = 0; };
		E4945BD63CAD1F30D8DA7902 /* App Core Dependency Proxy */ = { isa = PBXContainerItemProxy; containerPortal = F6F4DA8D93E88A08220E03B7 /* Project */; proxyType = 1; remoteGlobalIDString = A009D4666B3F332F147BE209; remoteInfo = PDFCompressorCore; };
		B61885A5F597D562ECCD7614 /* App Core Dependency */ = { isa = PBXTargetDependency; target = A009D4666B3F332F147BE209 /* Core Target */; targetProxy = E4945BD63CAD1F30D8DA7902 /* App Core Dependency Proxy */; };
		B054DAC3A3C23F20AD6A0336 /* Test App Dependency Proxy */ = { isa = PBXContainerItemProxy; containerPortal = F6F4DA8D93E88A08220E03B7 /* Project */; proxyType = 1; remoteGlobalIDString = E86A3881BA20535A5777936B; remoteInfo = PDFCompressor; };
		DF629823513DF7FDD09B79FB /* Test App Dependency */ = { isa = PBXTargetDependency; target = E86A3881BA20535A5777936B /* App Target */; targetProxy = B054DAC3A3C23F20AD6A0336 /* Test App Dependency Proxy */; };
		40609A412964FFB79DAE9C3A /* Project Debug */ = { isa = XCBuildConfiguration; buildSettings = { CLANG_ENABLE_MODULES = YES; MACOSX_DEPLOYMENT_TARGET = 13.0; SDKROOT = macosx; SWIFT_VERSION = 5.0; CODE_SIGN_IDENTITY = "-"; CODE_SIGN_STYLE = Manual; SWIFT_OPTIMIZATION_LEVEL = "-Onone"; DEBUG_INFORMATION_FORMAT = dwarf; SWIFT_ACTIVE_COMPILATION_CONDITIONS = DEBUG; }; name = Debug; };
		24B7DFA423B1C8A2130AE03E /* Project Release */ = { isa = XCBuildConfiguration; buildSettings = { CLANG_ENABLE_MODULES = YES; MACOSX_DEPLOYMENT_TARGET = 13.0; SDKROOT = macosx; SWIFT_VERSION = 5.0; CODE_SIGN_IDENTITY = "-"; CODE_SIGN_STYLE = Manual; SWIFT_OPTIMIZATION_LEVEL = "-O"; DEBUG_INFORMATION_FORMAT = "dwarf-with-dsym"; }; name = Release; };
		567585A6D21C8B924898DBFB /* Project Configuration */ = { isa = XCConfigurationList; buildConfigurations = (40609A412964FFB79DAE9C3A /* Project Debug */, 24B7DFA423B1C8A2130AE03E /* Project Release */, ); defaultConfigurationIsVisible = 0; defaultConfigurationName = Release; };
		7ED49123ACDEC95A8C7DB0DD /* Core Debug */ = { isa = XCBuildConfiguration; buildSettings = { DEFINES_MODULE = YES; GENERATE_INFOPLIST_FILE = YES; MACH_O_TYPE = staticlib; PRODUCT_BUNDLE_IDENTIFIER = com.pdfcompressor.core; PRODUCT_NAME = PDFCompressorCore; SKIP_INSTALL = YES; SWIFT_INSTALL_OBJC_HEADER = NO; SWIFT_OPTIMIZATION_LEVEL = "-Onone"; DEBUG_INFORMATION_FORMAT = dwarf; SWIFT_ACTIVE_COMPILATION_CONDITIONS = DEBUG; }; name = Debug; };
		D82EDB6CB9336B9CB51CC208 /* Core Release */ = { isa = XCBuildConfiguration; buildSettings = { DEFINES_MODULE = YES; GENERATE_INFOPLIST_FILE = YES; MACH_O_TYPE = staticlib; PRODUCT_BUNDLE_IDENTIFIER = com.pdfcompressor.core; PRODUCT_NAME = PDFCompressorCore; SKIP_INSTALL = YES; SWIFT_INSTALL_OBJC_HEADER = NO; SWIFT_OPTIMIZATION_LEVEL = "-O"; DEBUG_INFORMATION_FORMAT = "dwarf-with-dsym"; }; name = Release; };
		628CE8282A7F88C128FB1874 /* Core Configuration */ = { isa = XCConfigurationList; buildConfigurations = (7ED49123ACDEC95A8C7DB0DD /* Core Debug */, D82EDB6CB9336B9CB51CC208 /* Core Release */, ); defaultConfigurationIsVisible = 0; defaultConfigurationName = Release; };
		5FE44C1D4108931802BC082F /* App Debug */ = { isa = XCBuildConfiguration; buildSettings = { CODE_SIGN_ENTITLEMENTS = Resources/PDFCompressor.entitlements; ENABLE_APP_SANDBOX = YES; INFOPLIST_FILE = Resources/Info.plist; PRODUCT_BUNDLE_IDENTIFIER = com.pdfcompressor.app; PRODUCT_NAME = PDFCompressor; SWIFT_EMIT_LOC_STRINGS = YES; LD_RUNPATH_SEARCH_PATHS = "$(inherited) @executable_path/../Frameworks"; SWIFT_OPTIMIZATION_LEVEL = "-Onone"; DEBUG_INFORMATION_FORMAT = dwarf; SWIFT_ACTIVE_COMPILATION_CONDITIONS = DEBUG; }; name = Debug; };
		A8C4CABD5DA2B1F3DAB7CD6F /* App Release */ = { isa = XCBuildConfiguration; buildSettings = { EXCLUDED_SOURCE_FILE_NAMES = Fixtures; CODE_SIGN_ENTITLEMENTS = Resources/PDFCompressor.entitlements; ENABLE_APP_SANDBOX = YES; INFOPLIST_FILE = Resources/Info.plist; PRODUCT_BUNDLE_IDENTIFIER = com.pdfcompressor.app; PRODUCT_NAME = PDFCompressor; SWIFT_EMIT_LOC_STRINGS = YES; LD_RUNPATH_SEARCH_PATHS = "$(inherited) @executable_path/../Frameworks"; SWIFT_OPTIMIZATION_LEVEL = "-O"; DEBUG_INFORMATION_FORMAT = "dwarf-with-dsym"; }; name = Release; };
		E4D457B3D2C9717263941B05 /* App Configuration */ = { isa = XCConfigurationList; buildConfigurations = (5FE44C1D4108931802BC082F /* App Debug */, A8C4CABD5DA2B1F3DAB7CD6F /* App Release */, ); defaultConfigurationIsVisible = 0; defaultConfigurationName = Release; };
		D487076E3789B909B20042C7 /* UI Test Debug */ = { isa = XCBuildConfiguration; buildSettings = { GENERATE_INFOPLIST_FILE = YES; PRODUCT_BUNDLE_IDENTIFIER = com.pdfcompressor.app.UITests; PRODUCT_NAME = PDFCompressorUITests; TEST_TARGET_NAME = PDFCompressor; ENABLE_APP_SANDBOX = NO; LD_RUNPATH_SEARCH_PATHS = "$(inherited) @executable_path/../Frameworks @loader_path/../Frameworks"; SWIFT_OPTIMIZATION_LEVEL = "-Onone"; DEBUG_INFORMATION_FORMAT = dwarf; SWIFT_ACTIVE_COMPILATION_CONDITIONS = DEBUG; }; name = Debug; };
		570A140C95091763D83E998B /* UI Test Release */ = { isa = XCBuildConfiguration; buildSettings = { GENERATE_INFOPLIST_FILE = YES; PRODUCT_BUNDLE_IDENTIFIER = com.pdfcompressor.app.UITests; PRODUCT_NAME = PDFCompressorUITests; TEST_TARGET_NAME = PDFCompressor; ENABLE_APP_SANDBOX = NO; LD_RUNPATH_SEARCH_PATHS = "$(inherited) @executable_path/../Frameworks @loader_path/../Frameworks"; SWIFT_OPTIMIZATION_LEVEL = "-O"; DEBUG_INFORMATION_FORMAT = "dwarf-with-dsym"; }; name = Release; };
		1CD4C02F20AA795A5C0666CD /* UI Test Configuration */ = { isa = XCConfigurationList; buildConfigurations = (D487076E3789B909B20042C7 /* UI Test Debug */, 570A140C95091763D83E998B /* UI Test Release */, ); defaultConfigurationIsVisible = 0; defaultConfigurationName = Release; };
		A009D4666B3F332F147BE209 /* Core Target */ = { isa = PBXNativeTarget; buildConfigurationList = 628CE8282A7F88C128FB1874 /* Core Configuration */; buildPhases = (E121BD63877C4D86BB6FA249 /* Core Sources Phase */, 584347D7775D6A3527DE8487 /* Core Frameworks Phase */, E20A02DCB822803226F01266 /* Core Resources Phase */, ); buildRules = (); dependencies = (); fileSystemSynchronizedGroups = (3F6FAD01C22143C20F572519 /* Core Sources */, ); name = PDFCompressorCore; productName = PDFCompressorCore; productReference = 94902FC4FAB629F728D22CD9 /* Core Product */; productType = "com.apple.product-type.framework"; };
		E86A3881BA20535A5777936B /* App Target */ = { isa = PBXNativeTarget; buildConfigurationList = E4D457B3D2C9717263941B05 /* App Configuration */; buildPhases = (2278FFEAC21BB5ECCFF91836 /* App Sources Phase */, 3BF5E5343D147B55E8653CBA /* App Frameworks Phase */, 95B097F73EA8997422FECB0E /* App Resources Phase */, ); buildRules = (); dependencies = (B61885A5F597D562ECCD7614 /* App Core Dependency */, ); fileSystemSynchronizedGroups = (7FF8C9FC6B7E2F79F2A9323E /* App Sources */, ); name = PDFCompressor; productName = PDFCompressor; productReference = F9CA58ED32A87445FB599FC7 /* App Product */; productType = "com.apple.product-type.application"; };
		0AB723DA394BA2D058C4B304 /* UI Test Target */ = { isa = PBXNativeTarget; buildConfigurationList = 1CD4C02F20AA795A5C0666CD /* UI Test Configuration */; buildPhases = (EA62E8291F89613F460E831B /* UI Test Sources Phase */, 8C9080FAA4C8AF4D94590D8D /* UI Test Frameworks Phase */, 37268FDA5F157D2CA672024F /* UI Test Resources Phase */, ); buildRules = (); dependencies = (DF629823513DF7FDD09B79FB /* Test App Dependency */, ); fileSystemSynchronizedGroups = (A3794CD3FA1CEB2A654F8B60 /* UI Test Sources */, ); name = PDFCompressorUITests; productName = PDFCompressorUITests; productReference = 379EDCE8F7783CF894892A43 /* UI Test Product */; productType = "com.apple.product-type.bundle.ui-testing"; };
		F6F4DA8D93E88A08220E03B7 /* Project */ = { isa = PBXProject; attributes = { BuildIndependentTargetsInParallel = 1; LastSwiftUpdateCheck = 2700; LastUpgradeCheck = 2700; TargetAttributes = { 0AB723DA394BA2D058C4B304 = { TestTargetID = E86A3881BA20535A5777936B; }; }; }; buildConfigurationList = 567585A6D21C8B924898DBFB /* Project Configuration */; compatibilityVersion = "Xcode 16.0"; developmentRegion = en; hasScannedForEncodings = 0; knownRegions = (en, Base); mainGroup = C649629229F6187C3D12CE69 /* Main Group */; preferredProjectObjectVersion = 77; productRefGroup = FE0A091FDBFB3E9C31B7A1BD /* Products */; projectDirPath = ""; projectRoot = ""; targets = (E86A3881BA20535A5777936B /* App Target */, A009D4666B3F332F147BE209 /* Core Target */, 0AB723DA394BA2D058C4B304 /* UI Test Target */, ); };
	};
	rootObject = F6F4DA8D93E88A08220E03B7 /* Project */;
}
